{
  "name": "verifiable-accounting-chain",
  "version": "0.1.0",
  "lockfileVersion": 3,
  "requires": true,
  "packages": {
    "": {
      "name": "verifiable-accounting-chain",
      "version": "0.1.0",
      "license": "MIT",
      "workspaces": [
        "packages/bsv",
        "packages/keys",
        "packages/chain",
        "packages/merkle",
        "packages/proofstore",
        "packages/evidence",
        "packages/ledgermap",
        "packages/tripleentry",
        "packages/tax",
        "packages/bundle",
        "packages/api",
        "packages/cli",
        "packages/simstore",
        "packages/simstudy"
      ],
      "devDependencies": {
        "@types/node": "22.10.10",
        "typescript": "5.7.3"
      },
      "engines": {
        "node": ">=24.0.0"
      }
    },
    "node_modules/@bsv/sdk": {
      "version": "2.1.4",
      "resolved": "https://registry.npmjs.org/@bsv/sdk/-/sdk-2.1.4.tgz",
      "integrity": "sha512-FrX5knwUZXPJHVaE9usoevwWqLItiWCFIr2jD20W3Ke6I+IHbDyivMF8MKtrWSeOxeanFx9v8YLeN6/qzAtlzQ==",
      "license": "SEE LICENSE IN LICENSE.txt"
    },
    "node_modules/@types/node": {
      "version": "22.10.10",
      "resolved": "https://registry.npmjs.org/@types/node/-/node-22.10.10.tgz",
      "integrity": "sha512-X47y/mPNzxviAGY5TcYPtYL8JsY3kAq2n8fMmKoRCxq/c4v4pyGNCzM2R6+M5/umG4ZfHuT+sgqDYqWc9rJ6ww==",
      "dev": true,
      "license": "MIT",
      "dependencies": {
        "undici-types": "~6.20.0"
      }
    },
    "node_modules/@vaa/api": {
      "resolved": "packages/api",
      "link": true
    },
    "node_modules/@vaa/bsv": {
      "resolved": "packages/bsv",
      "link": true
    },
    "node_modules/@vaa/bundle": {
      "resolved": "packages/bundle",
      "link": true
    },
    "node_modules/@vaa/chain": {
      "resolved": "packages/chain",
      "link": true
    },
    "node_modules/@vaa/cli": {
      "resolved": "packages/cli",
      "link": true
    },
    "node_modules/@vaa/evidence": {
      "resolved": "packages/evidence",
      "link": true
    },
    "node_modules/@vaa/keys": {
      "resolved": "packages/keys",
      "link": true
    },
    "node_modules/@vaa/ledgermap": {
      "resolved": "packages/ledgermap",
      "link": true
    },
    "node_modules/@vaa/merkle": {
      "resolved": "packages/merkle",
      "link": true
    },
    "node_modules/@vaa/proofstore": {
      "resolved": "packages/proofstore",
      "link": true
    },
    "node_modules/@vaa/simstore": {
      "resolved": "packages/simstore",
      "link": true
    },
    "node_modules/@vaa/simstudy": {
      "resolved": "packages/simstudy",
      "link": true
    },
    "node_modules/@vaa/tax": {
      "resolved": "packages/tax",
      "link": true
    },
    "node_modules/@vaa/tripleentry": {
      "resolved": "packages/tripleentry",
      "link": true
    },
    "node_modules/typescript": {
      "version": "5.7.3",
      "resolved": "https://registry.npmjs.org/typescript/-/typescript-5.7.3.tgz",
      "integrity": "sha512-84MVSjMEHP+FQRPy3pX9sTVV/INIex71s9TL2Gm5FG/WG1SqXeKyZ0k7/blY/4FdOzI12CBy1vGc4og/eus0fw==",
      "dev": true,
      "license": "Apache-2.0",
      "bin": {
        "tsc": "bin/tsc",
        "tsserver": "bin/tsserver"
      },
      "engines": {
        "node": ">=14.17"
      }
    },
    "node_modules/undici-types": {
      "version": "6.20.0",
      "resolved": "https://registry.npmjs.org/undici-types/-/undici-types-6.20.0.tgz",
      "integrity": "sha512-Ny6QZ2Nju20vw1SRHe3d9jVu6gJ+4e3+MMpqu7pqE5HT6WsTSlce++GQmK5UXS8mzV8DSYHrQH+Xrf2jVcuKNg==",
      "dev": true,
      "license": "MIT"
    },
    "packages/api": {
      "name": "@vaa/api",
      "version": "0.1.0",
      "dependencies": {
        "@vaa/bsv": "*",
        "@vaa/evidence": "*",
        "@vaa/merkle": "*",
        "@vaa/proofstore": "*"
      }
    },
    "packages/bsv": {
      "name": "@vaa/bsv",
      "version": "0.1.0",
      "dependencies": {
        "@bsv/sdk": "2.1.4"
      }
    },
    "packages/bundle": {
      "name": "@vaa/bundle",
      "version": "0.1.0",
      "dependencies": {
        "@vaa/bsv": "*",
        "@vaa/chain": "*",
        "@vaa/evidence": "*",
        "@vaa/keys": "*",
        "@vaa/merkle": "*",
        "@vaa/proofstore": "*"
      }
    },
    "packages/chain": {
      "name": "@vaa/chain",
      "version": "0.1.0",
      "dependencies": {
        "@vaa/bsv": "*",
        "@vaa/keys": "*"
      }
    },
    "packages/cli": {
      "name": "@vaa/cli",
      "version": "0.1.0",
      "dependencies": {
        "@vaa/api": "*",
        "@vaa/bsv": "*",
        "@vaa/bundle": "*",
        "@vaa/chain": "*",
        "@vaa/evidence": "*",
        "@vaa/keys": "*",
        "@vaa/ledgermap": "*",
        "@vaa/merkle": "*",
        "@vaa/proofstore": "*",
        "@vaa/simstore": "*",
        "@vaa/simstudy": "*",
        "@vaa/tax": "*",
        "@vaa/tripleentry": "*"
      },
      "bin": {
        "vaa": "dist/index.js"
      }
    },
    "packages/evidence": {
      "name": "@vaa/evidence",
      "version": "0.1.0",
      "dependencies": {
        "@vaa/bsv": "*",
        "@vaa/chain": "*",
        "@vaa/keys": "*",
        "@vaa/merkle": "*",
        "@vaa/proofstore": "*"
      }
    },
    "packages/keys": {
      "name": "@vaa/keys",
      "version": "0.1.0",
      "dependencies": {
        "@vaa/bsv": "*"
      }
    },
    "packages/ledgermap": {
      "name": "@vaa/ledgermap",
      "version": "0.1.0",
      "dependencies": {
        "@vaa/bsv": "*",
        "@vaa/evidence": "*",
        "@vaa/keys": "*"
      }
    },
    "packages/merkle": {
      "name": "@vaa/merkle",
      "version": "0.1.0",
      "dependencies": {
        "@vaa/bsv": "*"
      }
    },
    "packages/proofstore": {
      "name": "@vaa/proofstore",
      "version": "0.1.0",
      "dependencies": {
        "@vaa/bsv": "*",
        "@vaa/merkle": "*"
      }
    },
    "packages/simstore": {
      "name": "@vaa/simstore",
      "version": "0.1.0",
      "dependencies": {
        "@vaa/bsv": "*",
        "@vaa/merkle": "*",
        "@vaa/proofstore": "*"
      },
      "bin": {
        "vaa-simstore": "dist/main.js"
      }
    },
    "packages/simstudy": {
      "name": "@vaa/simstudy",
      "version": "0.1.0",
      "dependencies": {
        "@vaa/bsv": "*",
        "@vaa/evidence": "*",
        "@vaa/merkle": "*",
        "@vaa/proofstore": "*"
      },
      "bin": {
        "vaa-simstudy": "dist/main.js"
      }
    },
    "packages/tax": {
      "name": "@vaa/tax",
      "version": "0.1.0",
      "dependencies": {
        "@vaa/bsv": "*",
        "@vaa/bundle": "*",
        "@vaa/chain": "*",
        "@vaa/evidence": "*",
        "@vaa/ledgermap": "*"
      }
    },
    "packages/tripleentry": {
      "name": "@vaa/tripleentry",
      "version": "0.1.0",
      "dependencies": {
        "@vaa/bsv": "*",
        "@vaa/chain": "*",
        "@vaa/evidence": "*"
      }
    }
  }
}
